
Microsoft Visual Studio Solution File, Format Version 12.00
# Visual Studio 15
VisualStudioVersion = 15.0.27130.2010
MinimumVisualStudioVersion = 10.0.40219.1
Project("{9A19103F-16F7-4668-BE54-9A1E7A4F7556}") = "ADroper.Core", "..\..\..\Documents\Visual Studio 2017\Projects\Production\ADroper\ADroper.Core\ADroper.Core.csproj", "{DA1CE756-E869-4C84-837E-88C452FFE9D0}"
EndProject
Project("{9A19103F-16F7-4668-BE54-9A1E7A4F7556}") = "ADroper", "..\..\..\Documents\Visual Studio 2017\Projects\Production\ADroper\ADroper\ADroper.csproj", "{3230FC37-CDE2-4018-A1DE-E13E17A914EC}"
EndProject
Global
	GlobalSection(SolutionConfigurationPlatforms) = preSolution
		Debug|Any CPU = Debug|Any CPU
		Release|Any CPU = Release|Any CPU
	EndGlobalSection
	GlobalSection(ProjectConfigurationPlatforms) = postSolution
		{DA1CE756-E869-4C84-837E-88C452FFE9D0}.Debug|Any CPU.ActiveCfg = Debug|Any CPU
		{DA1CE756-E869-4C84-837E-88C452FFE9D0}.Debug|Any CPU.Build.0 = Debug|Any CPU
		{DA1CE756-E869-4C84-837E-88C452FFE9D0}.Release|Any CPU.ActiveCfg = Release|Any CPU
		{DA1CE756-E869-4C84-837E-88C452FFE9D0}.Release|Any CPU.Build.0 = Release|Any CPU
		{3230FC37-CDE2-4018-A1DE-E13E17A914EC}.Debug|Any CPU.ActiveCfg = Debug|Any CPU
		{3230FC37-CDE2-4018-A1DE-E13E17A914EC}.Debug|Any CPU.Build.0 = Debug|Any CPU
		{3230FC37-CDE2-4018-A1DE-E13E17A914EC}.Release|Any CPU.ActiveCfg = Release|Any CPU
		{3230FC37-CDE2-4018-A1DE-E13E17A914EC}.Release|Any CPU.Build.0 = Release|Any CPU
	EndGlobalSection
	GlobalSection(SolutionProperties) = preSolution
		HideSolutionNode = FALSE
	EndGlobalSection
	GlobalSection(ExtensibilityGlobals) = postSolution
		SolutionGuid = {373F1CEE-851F-4ABC-84C9-79B580EDB38B}
	EndGlobalSection
EndGlobal
