
Microsoft Visual Studio Solution File, Format Version 12.00
# Visual Studio 15
VisualStudioVersion = 15.0.27130.2010
MinimumVisualStudioVersion = 10.0.40219.1
Project("{9A19103F-16F7-4668-BE54-9A1E7A4F7556}") = "ADroper", "ADroper\ADroper\ADroper.csproj", "{807B97A5-B93F-4511-8D17-1FE0AAD1D6BB}"
EndProject
Project("{9A19103F-16F7-4668-BE54-9A1E7A4F7556}") = "ADroper.Core", "ADroper\ADroper.Core\ADroper.Core.csproj", "{7CCCBE3F-7B60-4ADA-A9F1-A5B62A0D70D9}"
EndProject
Global
	GlobalSection(SolutionConfigurationPlatforms) = preSolution
		Debug|Any CPU = Debug|Any CPU
		Release|Any CPU = Release|Any CPU
	EndGlobalSection
	GlobalSection(ProjectConfigurationPlatforms) = postSolution
		{807B97A5-B93F-4511-8D17-1FE0AAD1D6BB}.Debug|Any CPU.ActiveCfg = Debug|Any CPU
		{807B97A5-B93F-4511-8D17-1FE0AAD1D6BB}.Debug|Any CPU.Build.0 = Debug|Any CPU
		{807B97A5-B93F-4511-8D17-1FE0AAD1D6BB}.Release|Any CPU.ActiveCfg = Release|Any CPU
		{807B97A5-B93F-4511-8D17-1FE0AAD1D6BB}.Release|Any CPU.Build.0 = Release|Any CPU
		{7CCCBE3F-7B60-4ADA-A9F1-A5B62A0D70D9}.Debug|Any CPU.ActiveCfg = Debug|Any CPU
		{7CCCBE3F-7B60-4ADA-A9F1-A5B62A0D70D9}.Debug|Any CPU.Build.0 = Debug|Any CPU
		{7CCCBE3F-7B60-4ADA-A9F1-A5B62A0D70D9}.Release|Any CPU.ActiveCfg = Release|Any CPU
		{7CCCBE3F-7B60-4ADA-A9F1-A5B62A0D70D9}.Release|Any CPU.Build.0 = Release|Any CPU
	EndGlobalSection
	GlobalSection(SolutionProperties) = preSolution
		HideSolutionNode = FALSE
	EndGlobalSection
	GlobalSection(ExtensibilityGlobals) = postSolution
		SolutionGuid = {373F1CEE-851F-4ABC-84C9-79B580EDB38B}
	EndGlobalSection
EndGlobal
